
Microsoft Visual Studio Solution File, Format Version 12.00
# Visual Studio Version 17
VisualStudioVersion = 17.4.32804.182
MinimumVisualStudioVersion = 10.0.40219.1
Project("{FAE04EC0-301F-11D3-BF4B-00C04F79EFBC}") = "SqlAzureDatabaseBasicMonitor", "SqlAzureDatabaseBasicMonitor.csproj", "{75C8578B-3EA2-431C-A6EF-52307DA85816}"
EndProject
Global
	GlobalSection(SolutionConfigurationPlatforms) = preSolution
		Debug|Any CPU = Debug|Any CPU
		Release|Any CPU = Release|Any CPU
	EndGlobalSection
	GlobalSection(ProjectConfigurationPlatforms) = postSolution
		{75C8578B-3EA2-431C-A6EF-52307DA85816}.Debug|Any CPU.ActiveCfg = Debug|Any CPU
		{75C8578B-3EA2-431C-A6EF-52307DA85816}.Debug|Any CPU.Build.0 = Debug|Any CPU
		{75C8578B-3EA2-431C-A6EF-52307DA85816}.Release|Any CPU.ActiveCfg = Release|Any CPU
		{75C8578B-3EA2-431C-A6EF-52307DA85816}.Release|Any CPU.Build.0 = Release|Any CPU
	EndGlobalSection
	GlobalSection(SolutionProperties) = preSolution
		HideSolutionNode = FALSE
	EndGlobalSection
	GlobalSection(ExtensibilityGlobals) = postSolution
		SolutionGuid = {F82914A4-AA31-4165-963F-8A6B63718BC9}
	EndGlobalSection
EndGlobal
